
Microsoft Visual Studio Solution File, Format Version 12.00
# Visual Studio Version 16
VisualStudioVersion = 16.0.30611.23
MinimumVisualStudioVersion = 10.0.40219.1
Project("{FAE04EC0-301F-11D3-BF4B-00C04F79EFBC}") = "ProblemSolve3_Lab2", "ProblemSolve3_Lab2\ProblemSolve3_Lab2.csproj", "{1D90CF97-70A9-4D86-8E07-9529BFE25F8D}"
EndProject
Global
	GlobalSection(SolutionConfigurationPlatforms) = preSolution
		Debug|Any CPU = Debug|Any CPU
		Release|Any CPU = Release|Any CPU
	EndGlobalSection
	GlobalSection(ProjectConfigurationPlatforms) = postSolution
		{1D90CF97-70A9-4D86-8E07-9529BFE25F8D}.Debug|Any CPU.ActiveCfg = Debug|Any CPU
		{1D90CF97-70A9-4D86-8E07-9529BFE25F8D}.Debug|Any CPU.Build.0 = Debug|Any CPU
		{1D90CF97-70A9-4D86-8E07-9529BFE25F8D}.Release|Any CPU.ActiveCfg = Release|Any CPU
		{1D90CF97-70A9-4D86-8E07-9529BFE25F8D}.Release|Any CPU.Build.0 = Release|Any CPU
	EndGlobalSection
	GlobalSection(SolutionProperties) = preSolution
		HideSolutionNode = FALSE
	EndGlobalSection
	GlobalSection(ExtensibilityGlobals) = postSolution
		SolutionGuid = {51BF795C-494A-4C11-9304-8E5408D790C5}
	EndGlobalSection
EndGlobal
